
Microsoft Visual Studio Solution File, Format Version 12.00
# Visual Studio Version 16
VisualStudioVersion = 16.0.30804.86
MinimumVisualStudioVersion = 10.0.40219.1
Project("{FAE04EC0-301F-11D3-BF4B-00C04F79EFBC}") = "Testing", "Testing.csproj", "{7619F8D2-70D7-4499-A849-BDFF148FCA4A}"
EndProject
Project("{9A19103F-16F7-4668-BE54-9A1E7A4F7556}") = "MenuDemo", "..\MenuDemo\MenuDemo.csproj", "{ACA8593C-037F-499E-84B4-657C33B840D6}"
EndProject
Project("{9A19103F-16F7-4668-BE54-9A1E7A4F7556}") = "MenuDemoClassLibrary", "..\MenuDemoClassLibrary\MenuDemoClassLibrary.csproj", "{245A3D16-57EC-4631-B080-49E3FA95F3C8}"
EndProject
Project("{00D1A9C2-B5F0-4AF3-8072-F6C62B433612}") = "MenuDemoDB", "..\MenuDemoDB\MenuDemoDB.sqlproj", "{3399950A-CBA0-4637-B819-D7565F4D32F9}"
EndProject
Global
	GlobalSection(SolutionConfigurationPlatforms) = preSolution
		Debug|Any CPU = Debug|Any CPU
		Release|Any CPU = Release|Any CPU
	EndGlobalSection
	GlobalSection(ProjectConfigurationPlatforms) = postSolution
		{7619F8D2-70D7-4499-A849-BDFF148FCA4A}.Debug|Any CPU.ActiveCfg = Debug|Any CPU
		{7619F8D2-70D7-4499-A849-BDFF148FCA4A}.Debug|Any CPU.Build.0 = Debug|Any CPU
		{7619F8D2-70D7-4499-A849-BDFF148FCA4A}.Release|Any CPU.ActiveCfg = Release|Any CPU
		{7619F8D2-70D7-4499-A849-BDFF148FCA4A}.Release|Any CPU.Build.0 = Release|Any CPU
		{ACA8593C-037F-499E-84B4-657C33B840D6}.Debug|Any CPU.ActiveCfg = Debug|Any CPU
		{ACA8593C-037F-499E-84B4-657C33B840D6}.Debug|Any CPU.Build.0 = Debug|Any CPU
		{ACA8593C-037F-499E-84B4-657C33B840D6}.Release|Any CPU.ActiveCfg = Release|Any CPU
		{ACA8593C-037F-499E-84B4-657C33B840D6}.Release|Any CPU.Build.0 = Release|Any CPU
		{245A3D16-57EC-4631-B080-49E3FA95F3C8}.Debug|Any CPU.ActiveCfg = Debug|Any CPU
		{245A3D16-57EC-4631-B080-49E3FA95F3C8}.Debug|Any CPU.Build.0 = Debug|Any CPU
		{245A3D16-57EC-4631-B080-49E3FA95F3C8}.Release|Any CPU.ActiveCfg = Release|Any CPU
		{245A3D16-57EC-4631-B080-49E3FA95F3C8}.Release|Any CPU.Build.0 = Release|Any CPU
		{3399950A-CBA0-4637-B819-D7565F4D32F9}.Debug|Any CPU.ActiveCfg = Debug|Any CPU
		{3399950A-CBA0-4637-B819-D7565F4D32F9}.Debug|Any CPU.Build.0 = Debug|Any CPU
		{3399950A-CBA0-4637-B819-D7565F4D32F9}.Debug|Any CPU.Deploy.0 = Debug|Any CPU
		{3399950A-CBA0-4637-B819-D7565F4D32F9}.Release|Any CPU.ActiveCfg = Release|Any CPU
		{3399950A-CBA0-4637-B819-D7565F4D32F9}.Release|Any CPU.Build.0 = Release|Any CPU
		{3399950A-CBA0-4637-B819-D7565F4D32F9}.Release|Any CPU.Deploy.0 = Release|Any CPU
	EndGlobalSection
	GlobalSection(SolutionProperties) = preSolution
		HideSolutionNode = FALSE
	EndGlobalSection
	GlobalSection(ExtensibilityGlobals) = postSolution
		SolutionGuid = {7B640841-EA97-4A3B-9C76-6A3B166CECEE}
	EndGlobalSection
EndGlobal
